PODS:
  - fuikit (0.1.5):
    - fuikit/Core (= 0.1.5)
    - fuikit/CoreBluetooth (= 0.1.5)
    - fuikit/CoreLocation (= 0.1.5)
    - LithoOperators
  - fuikit/Core (0.1.5):
    - LithoOperators
  - fuikit/CoreBluetooth (0.1.5):
    - LithoOperators
  - fuikit/CoreLocation (0.1.5):
    - LithoOperators
  - FunNet/Combine (0.1.1):
    - FunNet/Core
    - LithoOperators
  - FunNet/Core (0.1.1):
    - LithoOperators
  - LithoOperators (0.1.4):
    - Prelude
  - LithoStrings (0.0.1)
  - LithoUtils (0.1.0):
    - fuikit/Core
    - LithoOperators
    - LithoStrings
    - LithoUtils/Core (= 0.1.0)
  - LithoUtils/Core (0.1.0):
    - fuikit/Core
    - LithoOperators
    - LithoStrings
  - Prelude (3.0.0)

DEPENDENCIES:
  - fuikit (from `https://github.com/LithoByte/fuikit`)
  - FunNet/Combine (from `https://github.com/schrockblock/funnet`)
  - LithoOperators (from `https://github.com/LithoByte/LithoOperators`)
  - LithoStrings (from `https://github.com/cjc8/LithoStrings`)
  - LithoUtils (from `../`)

SPEC REPOS:
  trunk:
    - Prelude

EXTERNAL SOURCES:
  fuikit:
    :git: https://github.com/LithoByte/fuikit
  FunNet:
    :git: https://github.com/schrockblock/funnet
  LithoOperators:
    :git: https://github.com/LithoByte/LithoOperators
  LithoStrings:
    :git: https://github.com/cjc8/LithoStrings
  LithoUtils:
    :path: "../"

CHECKOUT OPTIONS:
  fuikit:
    :commit: 158d1789ac918edfffd6ac8edd6c1d144e80bce3
    :git: https://github.com/LithoByte/fuikit
  FunNet:
    :commit: 9ca5a81f8b96a71b2cd671fca642a152823c3704
    :git: https://github.com/schrockblock/funnet
  LithoOperators:
    :commit: a976e8172958cb699eaacda6bfcf407c7d66b347
    :git: https://github.com/LithoByte/LithoOperators
  LithoStrings:
    :commit: 2fec054702a34c47f9c0565362611f09350c06e6
    :git: https://github.com/cjc8/LithoStrings

SPEC CHECKSUMS:
  fuikit: 63f9460a7369046de30bc1aaf592321f98aea67e
  FunNet: e66d2df77a5663556970a1914c5911ecde2842ef
  LithoOperators: 8fc0c6a49e34a8d1ca01b777844f58e36c062d9f
  LithoStrings: 901559949d6b29e4775972c7f436b3aacb5fb6fa
  LithoUtils: e2d88bfdb723f50e21476f3a517ef84479fafe17
  Prelude: fe4cc0fd961d34edf48fe6b04d05c863449efb0a

PODFILE CHECKSUM: 0fa97a4d74f003a30d79b1e67fc11618b79eac32

COCOAPODS: 1.11.2
